Microsoft Visual Studio Solution File, Format Version 12.00
# Visual Studio Version 17
VisualStudioVersion = 17.13.35931.197
MinimumVisualStudioVersion = 10.0.40219.1
Project("{FAE04EC0-301F-11D3-BF4B-00C04F79EFBC}") = "InventarioMedicamentos", "InventarioMedicamentos\InventarioMedicamentos.csproj", "{DE746A40-C727-4F70-93EE-91CD8DC58B0B}"
EndProject
Global
	GlobalSection(SolutionConfigurationPlatforms) = preSolution
		Debug|Any CPU = Debug|Any CPU
		Release|Any CPU = Release|Any CPU
	EndGlobalSection
	GlobalSection(ProjectConfigurationPlatforms) = postSolution
		{DE746A40-C727-4F70-93EE-91CD8DC58B0B}.Debug|Any CPU.ActiveCfg = Debug|Any CPU
		{DE746A40-C727-4F70-93EE-91CD8DC58B0B}.Debug|Any CPU.Build.0 = Debug|Any CPU
		{DE746A40-C727-4F70-93EE-91CD8DC58B0B}.Release|Any CPU.ActiveCfg = Release|Any CPU
		{DE746A40-C727-4F70-93EE-91CD8DC58B0B}.Release|Any CPU.Build.0 = Release|Any CPU
	EndGlobalSection
	GlobalSection(SolutionProperties) = preSolution
		HideSolutionNode = FALSE
	EndGlobalSection
	GlobalSection(ExtensibilityGlobals) = postSolution
		SolutionGuid = {F6AC77F7-D80D-462E-B7A8-EAA46D76B097}
	EndGlobalSection
EndGlobal
